// !$*UTF8*$!
{
	archiveVersion = 1;
	classes = {
	};
	objectVersion = 48;
	objects = {

/* Begin PBXBuildFile section */
		465C534E1FCAF5FF004995AF /* AppDelegate.swift in Sources */ = {isa = PBXBuildFile; fileRef = 465C534D1FCAF5FF004995AF /* AppDelegate.swift */; };
		465C53501FCAF5FF004995AF /* ViewController.swift in Sources */ = {isa = PBXBuildFile; fileRef = 465C534F1FCAF5FF004995AF /* ViewController.swift */; };
		465C53531FCAF5FF004995AF /* Main.storyboard in Resources */ = {isa = PBXBuildFile; fileRef = 465C53511FCAF5FF004995AF /* Main.storyboard */; };
		465C53561FCAF5FF004995AF /* Dreamlister_.xcdatamodeld in Sources */ = {isa = PBXBuildFile; fileRef = 465C53541FCAF5FF004995AF /* Dreamlister_.xcdatamodeld */; };
		465C53581FCAF5FF004995AF /* Assets.xcassets in Resources */ = {isa = PBXBuildFile; fileRef = 465C53571FCAF5FF004995AF /* Assets.xcassets */; };
		465C535B1FCAF5FF004995AF /* LaunchScreen.storyboard in Resources */ = {isa = PBXBuildFile; fileRef = 465C53591FCAF5FF004995AF /* LaunchScreen.storyboard */; };
/* End PBXBuildFile section */

/* Begin PBXFileReference section */
		465C534A1FCAF5FF004995AF /* Dreamlister!.app */ = {isa = PBXFileReference; explicitFileType = wrapper.application; includeInIndex = 0; path = "Dreamlister!.app"; sourceTree = BUILT_PRODUCTS_DIR; };
		465C534D1FCAF5FF004995AF /* AppDelegate.swift */ = {isa = PBXFileReference; lastKnownFileType = sourcecode.swift; path = AppDelegate.swift; sourceTree = "<group>"; };
		465C534F1FCAF5FF004995AF /* ViewController.swift */ = {isa = PBXFileReference; lastKnownFileType = sourcecode.swift; path = ViewController.swift; sourceTree = "<group>"; };
		465C53521FCAF5FF004995AF /* Base */ = {isa = PBXFileReference; lastKnownFileType = file.storyboard; name = Base; path = Base.lproj/Main.storyboard; sourceTree = "<group>"; };
		465C53551FCAF5FF004995AF /* Dreamlister_.xcdatamodel */ = {isa = PBXFileReference; lastKnownFileType = wrapper.xcdatamodel; path = Dreamlister_.xcdatamodel; sourceTree = "<group>"; };
		465C53571FCAF5FF004995AF /* Assets.xcassets */ = {isa = PBXFileReference; lastKnownFileType = folder.assetcatalog; path = Assets.xcassets; sourceTree = "<group>"; };
		465C535A1FCAF5FF004995AF /* Base */ = {isa = PBXFileReference; lastKnownFileType = file.storyboard; name = Base; path = Base.lproj/LaunchScreen.storyboard; sourceTree = "<group>"; };
		465C535C1FCAF5FF004995AF /* Info.plist */ = {isa = PBXFileReference; lastKnownFileType = text.plist.xml; path = Info.plist; sourceTree = "<group>"; };
/* End PBXFileReference section */

/* Begin PBXFrameworksBuildPhase section */
		465C53471FCAF5FF004995AF /* Frameworks */ = {
			isa = PBXFrameworksBuildPhase;
			buildActionMask = 2147483647;
			files = (
			);
			runOnlyForDeploymentPostprocessing = 0;
		};
/* End PBXFrameworksBuildPhase section */

/* Begin PBXGroup section */
		465C53411FCAF5FE004995AF = {
			isa = PBXGroup;
			children = (
				465C534C1FCAF5FF004995AF /* Dreamlister! */,
				465C534B1FCAF5FF004995AF /* Products */,
			);
			sourceTree = "<group>";
		};
		465C534B1FCAF5FF004995AF /* Products */ = {
			isa = PBXGroup;
			children = (
				465C534A1FCAF5FF004995AF /* Dreamlister!.app */,
			);
			name = Products;
			sourceTree = "<group>";
		};
		465C534C1FCAF5FF004995AF /* Dreamlister! */ = {
			isa = PBXGroup;
			children = (
				465C534D1FCAF5FF004995AF /* AppDelegate.swift */,
				465C534F1FCAF5FF004995AF /* ViewController.swift */,
				465C53511FCAF5FF004995AF /* Main.storyboard */,
				465C53571FCAF5FF004995AF /* Assets.xcassets */,
				465C53591FCAF5FF004995AF /* LaunchScreen.storyboard */,
				465C535C1FCAF5FF004995AF /* Info.plist */,
				465C53541FCAF5FF004995AF /* Dreamlister_.xcdatamodeld */,
			);
			path = "Dreamlister!";
			sourceTree = "<group>";
		};
/* End PBXGroup section */

/* Begin PBXNativeTarget section */
		465C53491FCAF5FF004995AF /* Dreamlister! */ = {
			isa = PBXNativeTarget;
			buildConfigurationList = 465C535F1FCAF5FF004995AF /* Build configuration list for PBXNativeTarget "Dreamlister!" */;
			buildPhases = (
				465C53461FCAF5FF004995AF /* Sources */,
				465C53471FCAF5FF004995AF /* Frameworks */,
				465C53481FCAF5FF004995AF /* Resources */,
			);
			buildRules = (
			);
			dependencies = (
			);
			name = "Dreamlister!";
			productName = "Dreamlister!";
			productReference = 465C534A1FCAF5FF004995AF /* Dreamlister!.app */;
			productType = "com.apple.product-type.application";
		};
/* End PBXNativeTarget section */

/* Begin PBXProject section */
		465C53421FCAF5FE004995AF /* Project object */ = {
			isa = PBXProject;
			attributes = {
				LastSwiftUpdateCheck = 0910;
				LastUpgradeCheck = 0910;
				ORGANIZATIONNAME = Abhishek;
				TargetAttributes = {
					465C53491FCAF5FF004995AF = {
						CreatedOnToolsVersion = 9.1;
						ProvisioningStyle = Automatic;
					};
				};
			};
			buildConfigurationList = 465C53451FCAF5FE004995AF /* Build configuration list for PBXProject "Dreamlister!" */;
			compatibilityVersion = "Xcode 8.0";
			developmentRegion = en;
			hasScannedForEncodings = 0;
			knownRegions = (
				en,
				Base,
			);
			mainGroup = 465C53411FCAF5FE004995AF;
			productRefGroup = 465C534B1FCAF5FF004995AF /* Products */;
			projectDirPath = "";
			projectRoot = "";
			targets = (
				465C53491FCAF5FF004995AF /* Dreamlister! */,
			);
		};
/* End PBXProject section */

/* Begin PBXResourcesBuildPhase section */
		465C53481FCAF5FF004995AF /* Resources */ = {
			isa = PBXResourcesBuildPhase;
			buildActionMask = 2147483647;
			files = (
				465C535B1FCAF5FF004995AF /* LaunchScreen.storyboard in Resources */,
				465C53581FCAF5FF004995AF /* Assets.xcassets in Resources */,
				465C53531FCAF5FF004995AF /* Main.storyboard in Resources */,
			);
			runOnlyForDeploymentPostprocessing = 0;
		};
/* End PBXResourcesBuildPhase section */

/* Begin PBXSourcesBuildPhase section */
		465C53461FCAF5FF004995AF /* Sources */ = {
			isa = PBXSourcesBuildPhase;
			buildActionMask = 2147483647;
			files = (
				465C53501FCAF5FF004995AF /* ViewController.swift in Sources */,
				465C53561FCAF5FF004995AF /* Dreamlister_.xcdatamodeld in Sources */,
				465C534E1FCAF5FF004995AF /* AppDelegate.swift in Sources */,
			);
			runOnlyForDeploymentPostprocessing = 0;
		};
/* End PBXSourcesBuildPhase section */

/* Begin PBXVariantGroup section */
		465C53511FCAF5FF004995AF /* Main.storyboard */ = {
			isa = PBXVariantGroup;
			children = (
				465C53521FCAF5FF004995AF /* Base */,
			);
			name = Main.storyboard;
			sourceTree = "<group>";
		};
		465C53591FCAF5FF004995AF /* LaunchScreen.storyboard */ = {
			isa = PBXVariantGroup;
			children = (
				465C535A1FCAF5FF004995AF /* Base */,
			);
			name = LaunchScreen.storyboard;
			sourceTree = "<group>";
		};
/* End PBXVariantGroup section */

/* Begin XCBuildConfiguration section */
		465C535D1FCAF5FF004995AF /* Debug */ = {
			isa = XCBuildConfiguration;
			buildSettings = {
				ALWAYS_SEARCH_USER_PATHS = NO;
				CLANG_ANALYZER_NONNULL = YES;
				CLANG_ANALYZER_NUMBER_OBJECT_CONVERSION = YES_AGGRESSIVE;
				CLANG_CXX_LANGUAGE_STANDARD = "gnu++14";
				CLANG_CXX_LIBRARY = "libc++";
				CLANG_ENABLE_MODULES = YES;
				CLANG_ENABLE_OBJC_ARC = YES;
				CLANG_WARN_BLOCK_CAPTURE_AUTORELEASING = YES;
				CLANG_WARN_BOOL_CONVERSION = YES;
				CLANG_WARN_COMMA = YES;
				CLANG_WARN_CONSTANT_CONVERSION = YES;
				CLANG_WARN_DIRECT_OBJC_ISA_USAGE = YES_ERROR;
				CLANG_WARN_DOCUMENTATION_COMMENTS = YES;
				CLANG_WARN_EMPTY_BODY = YES;
				CLANG_WARN_ENUM_CONVERSION = YES;
				CLANG_WARN_INFINITE_RECURSION = YES;
				CLANG_WARN_INT_CONVERSION = YES;
				CLANG_WARN_NON_LITERAL_NULL_CONVERSION = YES;
				CLANG_WARN_OBJC_LITERAL_CONVERSION = YES;
				CLANG_WARN_OBJC_ROOT_CLASS = YES_ERROR;
				CLANG_WARN_RANGE_LOOP_ANALYSIS = YES;
				CLANG_WARN_STRICT_PROTOTYPES = YES;
				CLANG_WARN_SUSPICIOUS_MOVE = YES;
				CLANG_WARN_UNGUARDED_AVAILABILITY = YES_AGGRESSIVE;
				CLANG_WARN_UNREACHABLE_CODE = YES;
				CLANG_WARN__DUPLICATE_METHOD_MATCH = YES;
				CODE_SIGN_IDENTITY = "iPhone Developer";
				COPY_PHASE_STRIP = NO;
				DEBUG_INFORMATION_FORMAT = dwarf;
				ENABLE_STRICT_OBJC_MSGSEND = YES;
				ENABLE_TESTABILITY = YES;
				GCC_C_LANGUAGE_STANDARD = gnu11;
				GCC_DYNAMIC_NO_PIC = NO;
				GCC_NO_COMMON_BLOCKS = YES;
				GCC_OPTIMIZATION_LEVEL = 0;
				GCC_PREPROCESSOR_DEFINITIONS = (
					"DEBUG=1",
					"$(inherited)",
				);
				GCC_WARN_64_TO_32_BIT_CONVERSION = YES;
				GCC_WARN_ABOUT_RETURN_TYPE = YES_ERROR;
				GCC_WARN_UNDECLARED_SELECTOR = YES;
				GCC_WARN_UNINITIALIZED_AUTOS = YES_AGGRESSIVE;
				GCC_WARN_UNUSED_FUNCTION = YES;
				GCC_WARN_UNUSED_VARIABLE = YES;
				IPHONEOS_DEPLOYMENT_TARGET = 11.1;
				MTL_ENABLE_DEBUG_INFO = YES;
				ONLY_ACTIVE_ARCH = YES;
				SDKROOT = iphoneos;
				SWIFT_ACTIVE_COMPILATION_CONDITIONS = DEBUG;
				SWIFT_OPTIMIZATION_LEVEL = "-Onone";
			};
			name = Debug;
		};
		465C535E1FCAF5FF004995AF /* Release */ = {
			isa = XCBuildConfiguration;
			buildSettings = {
				ALWAYS_SEARCH_USER_PATHS = NO;
				CLANG_ANALYZER_NONNULL = YES;
				CLANG_ANALYZER_NUMBER_OBJECT_CONVERSION = YES_AGGRESSIVE;
				CLANG_CXX_LANGUAGE_STANDARD = "gnu++14";
				CLANG_CXX_LIBRARY = "libc++";
				CLANG_ENABLE_MODULES = YES;
				CLANG_ENABLE_OBJC_ARC = YES;
				CLANG_WARN_BLOCK_CAPTURE_AUTORELEASING = YES;
				CLANG_WARN_BOOL_CONVERSION = YES;
				CLANG_WARN_COMMA = YES;
				CLANG_WARN_CONSTANT_CONVERSION = YES;
				CLANG_WARN_DIRECT_OBJC_ISA_USAGE = YES_ERROR;
				CLANG_WARN_DOCUMENTATION_COMMENTS = YES;
				CLANG_WARN_EMPTY_BODY = YES;
				CLANG_WARN_ENUM_CONVERSION = YES;
				CLANG_WARN_INFINITE_RECURSION = YES;
				CLANG_WARN_INT_CONVERSION = YES;
				CLANG_WARN_NON_LITERAL_NULL_CONVERSION = YES;
				CLANG_WARN_OBJC_LITERAL_CONVERSION = YES;
				CLANG_WARN_OBJC_ROOT_CLASS = YES_ERROR;
				CLANG_WARN_RANGE_LOOP_ANALYSIS = YES;
				CLANG_WARN_STRICT_PROTOTYPES = YES;
				CLANG_WARN_SUSPICIOUS_MOVE = YES;
				CLANG_WARN_UNGUARDED_AVAILABILITY = YES_AGGRESSIVE;
				CLANG_WARN_UNREACHABLE_CODE = YES;
				CLANG_WARN__DUPLICATE_METHOD_MATCH = YES;
				CODE_SIGN_IDENTITY = "iPhone Developer";
				COPY_PHASE_STRIP = NO;
				DEBUG_INFORMATION_FORMAT = "dwarf-with-dsym";
				ENABLE_NS_ASSERTIONS = NO;
				ENABLE_STRICT_OBJC_MSGSEND = YES;
				GCC_C_LANGUAGE_STANDARD = gnu11;
				GCC_NO_COMMON_BLOCKS = YES;
				GCC_WARN_64_TO_32_BIT_CONVERSION = YES;
				GCC_WARN_ABOUT_RETURN_TYPE = YES_ERROR;
				GCC_WARN_UNDECLARED_SELECTOR = YES;
				GCC_WARN_UNINITIALIZED_AUTOS = YES_AGGRESSIVE;
				GCC_WARN_UNUSED_FUNCTION = YES;
				GCC_WARN_UNUSED_VARIABLE = YES;
				IPHONEOS_DEPLOYMENT_TARGET = 11.1;
				MTL_ENABLE_DEBUG_INFO = NO;
				SDKROOT = iphoneos;
				SWIFT_OPTIMIZATION_LEVEL = "-Owholemodule";
				VALIDATE_PRODUCT = YES;
			};
			name = Release;
		};
		465C53601FCAF5FF004995AF /* Debug */ = {
			isa = XCBuildConfiguration;
			buildSettings = {
				ASSETCATALOG_COMPILER_APPICON_NAME = AppIcon;
				CODE_SIGN_STYLE = Automatic;
				DEVELOPMENT_TEAM = 4JWS7KMS3G;
				INFOPLIST_FILE = "Dreamlister!/Info.plist";
				LD_RUNPATH_SEARCH_PATHS = "$(inherited) @executable_path/Frameworks";
				PRODUCT_BUNDLE_IDENTIFIER = "com.abhishek.Dreamlister-";
				PRODUCT_NAME = "$(TARGET_NAME)";
				SWIFT_VERSION = 4.0;
				TARGETED_DEVICE_FAMILY = "1,2";
			};
			name = Debug;
		};
		465C53611FCAF5FF004995AF /* Release */ = {
			isa = XCBuildConfiguration;
			buildSettings = {
				ASSETCATALOG_COMPILER_APPICON_NAME = AppIcon;
				CODE_SIGN_STYLE = Automatic;
				DEVELOPMENT_TEAM = 4JWS7KMS3G;
				INFOPLIST_FILE = "Dreamlister!/Info.plist";
				LD_RUNPATH_SEARCH_PATHS = "$(inherited) @executable_path/Frameworks";
				PRODUCT_BUNDLE_IDENTIFIER = "com.abhishek.Dreamlister-";
				PRODUCT_NAME = "$(TARGET_NAME)";
				SWIFT_VERSION = 4.0;
				TARGETED_DEVICE_FAMILY = "1,2";
			};
			name = Release;
		};
/* End XCBuildConfiguration section */

/* Begin XCConfigurationList section */
		465C53451FCAF5FE004995AF /* Build configuration list for PBXProject "Dreamlister!" */ = {
			isa = XCConfigurationList;
			buildConfigurations = (
				465C535D1FCAF5FF004995AF /* Debug */,
				465C535E1FCAF5FF004995AF /* Release */,
			);
			defaultConfigurationIsVisible = 0;
			defaultConfigurationName = Release;
		};
		465C535F1FCAF5FF004995AF /* Build configuration list for PBXNativeTarget "Dreamlister!" */ = {
			isa = XCConfigurationList;
			buildConfigurations = (
				465C53601FCAF5FF004995AF /* Debug */,
				465C53611FCAF5FF004995AF /* Release */,
			);
			defaultConfigurationIsVisible = 0;
			defaultConfigurationName = Release;
		};
/* End XCConfigurationList section */

/* Begin XCVersionGroup section */
		465C53541FCAF5FF004995AF /* Dreamlister_.xcdatamodeld */ = {
			isa = XCVersionGroup;
			children = (
				465C53551FCAF5FF004995AF /* Dreamlister_.xcdatamodel */,
			);
			currentVersion = 465C53551FCAF5FF004995AF /* Dreamlister_.xcdatamodel */;
			path = Dreamlister_.xcdatamodeld;
			sourceTree = "<group>";
			versionGroupType = wrapper.xcdatamodel;
		};
/* End XCVersionGroup section */
	};
	rootObject = 465C53421FCAF5FE004995AF /* Project object */;
}
